{
  "nodes": {
    "flake-parts": {
      "inputs": {
        "nixpkgs-lib": "nixpkgs-lib"
      },
      "locked": {
        "lastModified": 1765495779,
        "narHash": "sha256-MhA7wmo/7uogLxiewwRRmIax70g6q1U/YemqTGoFHlM=",
        "owner": "hercules-ci",
        "repo": "flake-parts",
        "rev": "5635c32d666a59ec9a55cab87e898889869f7b71",
        "type": "github"
      },
      "original": {
        "owner": "hercules-ci",
        "repo": "flake-parts",
        "type": "github"
      }
    },
    "flake-utils": {
      "inputs": {
        "systems": "systems"
      },
      "locked": {
        "lastModified": 1731533236,
        "narHash": "sha256-l0KFg5HjrsfsO/JpG+r7fRrqm12kzFHyUHqHCVpMMbI=",
        "owner": "numtide",
        "repo": "flake-utils",
        "rev": "11707dc2f618dd54ca8739b309ec4fc024de578b",
        "type": "github"
      },
      "original": {
        "owner": "numtide",
        "repo": "flake-utils",
        "type": "github"
      }
    },
    "gepetto": {
      "inputs": {
        "flake-parts": "flake-parts",
        "nix-ros-overlay": "nix-ros-overlay",
        "nix-system-graphics": "nix-system-graphics",
        "nixpkgs": [
          "gepetto",
          "nix-ros-overlay",
          "nixpkgs"
        ],
        "src-agimus-controller": "src-agimus-controller",
        "src-agimus-msgs": "src-agimus-msgs",
        "src-franka-description": "src-franka-description",
        "src-odri-control-interface": "src-odri-control-interface",
        "src-odri-masterboard-sdk": "src-odri-masterboard-sdk",
        "system-manager": "system-manager",
        "systems": [
          "gepetto",
          "nix-ros-overlay",
          "flake-utils",
          "systems"
        ],
        "treefmt-nix": "treefmt-nix"
      },
      "locked": {
        "lastModified": 1766244613,
        "narHash": "sha256-nDYY6XKz/4/4/bQANZBGag7Z31paY0d684A57+qjot4=",
        "owner": "gepetto",
        "repo": "nix",
        "rev": "9eba02cd9bf31cfa5752ba1d2144010bfb5ae001",
        "type": "github"
      },
      "original": {
        "owner": "gepetto",
        "repo": "nix",
        "type": "github"
      }
    },
    "nix-ros-overlay": {
      "inputs": {
        "flake-utils": "flake-utils",
        "nixpkgs": "nixpkgs"
      },
      "locked": {
        "lastModified": 1765614839,
        "narHash": "sha256-2eC5GsOlQyfkZTaZ0UzMEL64FZXudjvOcpnvM/3DvFw=",
        "owner": "lopsided98",
        "repo": "nix-ros-overlay",
        "rev": "51144d349de66dd00216d2cfade1bf86692ba4f4",
        "type": "github"
      },
      "original": {
        "owner": "lopsided98",
        "ref": "develop",
        "repo": "nix-ros-overlay",
        "type": "github"
      }
    },
    "nix-system-graphics": {
      "inputs": {
        "nixpkgs": [
          "gepetto",
          "nixpkgs"
        ]
      },
      "locked": {
        "lastModified": 1763296639,
        "narHash": "sha256-K9JBscC7ApwCnl0wR0sVkxrKFsoDYVqXN5fOujvyBWA=",
        "owner": "soupglasses",
        "repo": "nix-system-graphics",
        "rev": "ac37f0f3ec0cb15d63a520918433c794d01d9dac",
        "type": "github"
      },
      "original": {
        "owner": "soupglasses",
        "repo": "nix-system-graphics",
        "type": "github"
      }
    },
    "nixpkgs": {
      "locked": {
        "lastModified": 1759381078,
        "narHash": "sha256-gTrEEp5gEspIcCOx9PD8kMaF1iEmfBcTbO0Jag2QhQs=",
        "owner": "NixOS",
        "repo": "nixpkgs",
        "rev": "7df7ff7d8e00218376575f0acdcc5d66741351ee",
        "type": "github"
      },
      "original": {
        "owner": "lopsided98",
        "ref": "nix-ros",
        "repo": "nixpkgs",
        "type": "github"
      }
    },
    "nixpkgs-lib": {
      "locked": {
        "lastModified": 1761765539,
        "narHash": "sha256-b0yj6kfvO8ApcSE+QmA6mUfu8IYG6/uU28OFn4PaC8M=",
        "owner": "nix-community",
        "repo": "nixpkgs.lib",
        "rev": "719359f4562934ae99f5443f20aa06c2ffff91fc",
        "type": "github"
      },
      "original": {
        "owner": "nix-community",
        "repo": "nixpkgs.lib",
        "type": "github"
      }
    },
    "root": {
      "inputs": {
        "flake-parts": [
          "gepetto",
          "flake-parts"
        ],
        "gepetto": "gepetto",
        "nix-ros-overlay": [
          "gepetto",
          "nix-ros-overlay"
        ],
        "nixpkgs": [
          "gepetto",
          "nixpkgs"
        ],
        "systems": [
          "gepetto",
          "systems"
        ],
        "treefmt-nix": [
          "gepetto",
          "treefmt-nix"
        ]
      }
    },
    "src-agimus-controller": {
      "flake": false,
      "locked": {
        "lastModified": 1765198726,
        "narHash": "sha256-3zoexliRe6DYmk3EPmfi1eD6FiE7UY/qIo1P2x4Xil4=",
        "owner": "agimus-project",
        "repo": "agimus_controller",
        "rev": "590a5c16d7bfd1c6ecef05f70ea5df0aedf109b2",
        "type": "github"
      },
      "original": {
        "owner": "agimus-project",
        "repo": "agimus_controller",
        "type": "github"
      }
    },
    "src-agimus-msgs": {
      "flake": false,
      "locked": {
        "lastModified": 1765264905,
        "narHash": "sha256-2gQvYu5mQRvD2SxIqdRCu2bGJaDzY9IIK9zASuGxJNk=",
        "owner": "agimus-project",
        "repo": "agimus_msgs",
        "rev": "c9cfe532018f9364f3912e9907be5d79e738e0cf",
        "type": "github"
      },
      "original": {
        "owner": "agimus-project",
        "repo": "agimus_msgs",
        "type": "github"
      }
    },
    "src-franka-description": {
      "flake": false,
      "locked": {
        "lastModified": 1764344366,
        "narHash": "sha256-uk0fh/BoMdhNyS3ssV8Ebn+FYMSXjaKGepTxp6zibt8=",
        "owner": "agimus-project",
        "repo": "franka_description",
        "rev": "3ae24519c5ec3a999b0851a4243181ad245a6fa6",
        "type": "github"
      },
      "original": {
        "owner": "agimus-project",
        "repo": "franka_description",
        "type": "github"
      }
    },
    "src-odri-control-interface": {
      "flake": false,
      "locked": {
        "lastModified": 1749138911,
        "narHash": "sha256-+x+1NxiTwyg5Pwd1oBUMG3Z+eIj+VtVIRFvdPpXStU8=",
        "owner": "gwennlbh",
        "repo": "odri_control_interface",
        "rev": "1137873714fd326fd3ab86cc5632bae72f965866",
        "type": "github"
      },
      "original": {
        "owner": "gwennlbh",
        "ref": "nix",
        "repo": "odri_control_interface",
        "type": "github"
      }
    },
    "src-odri-masterboard-sdk": {
      "flake": false,
      "locked": {
        "lastModified": 1749026399,
        "narHash": "sha256-0VhxOdC2cQwAJfAdHfeHovXrj9jrWb56F35rPN/u+eA=",
        "owner": "gwennlbh",
        "repo": "master-board",
        "rev": "facc7f954294523a0f4b8389ac89fabad4c536db",
        "type": "github"
      },
      "original": {
        "owner": "gwennlbh",
        "ref": "nix",
        "repo": "master-board",
        "type": "github"
      }
    },
    "system-manager": {
      "inputs": {
        "nixpkgs": [
          "gepetto",
          "nixpkgs"
        ]
      },
      "locked": {
        "lastModified": 1765536359,
        "narHash": "sha256-PJX/Zrmi29lWkznqQS1BnqgBqSBG+Jnpp+kRSWri41M=",
        "owner": "numtide",
        "repo": "system-manager",
        "rev": "a015a476120dc741200213ac8dd1556fc25bac9e",
        "type": "github"
      },
      "original": {
        "owner": "numtide",
        "repo": "system-manager",
        "type": "github"
      }
    },
    "systems": {
      "locked": {
        "lastModified": 1681028828,
        "narHash": "sha256-Vy1rq5AaRuLzOxct8nz4T6wlgyUR7zLU309k9mBC768=",
        "owner": "nix-systems",
        "repo": "default",
        "rev": "da67096a3b9bf56a91d16901293e51ba5b49a27e",
        "type": "github"
      },
      "original": {
        "owner": "nix-systems",
        "repo": "default",
        "type": "github"
      }
    },
    "treefmt-nix": {
      "inputs": {
        "nixpkgs": [
          "gepetto",
          "nixpkgs"
        ]
      },
      "locked": {
        "lastModified": 1762938485,
        "narHash": "sha256-AlEObg0syDl+Spi4LsZIBrjw+snSVU4T8MOeuZJUJjM=",
        "owner": "numtide",
        "repo": "treefmt-nix",
        "rev": "5b4ee75aeefd1e2d5a1cc43cf6ba65eba75e83e4",
        "type": "github"
      },
      "original": {
        "owner": "numtide",
        "repo": "treefmt-nix",
        "type": "github"
      }
    }
  },
  "root": "root",
  "version": 7
}
